
Microsoft Visual Studio Solution File, Format Version 12.00
# Visual Studio Version 16
VisualStudioVersion = 16.0.30717.126
MinimumVisualStudioVersion = 10.0.40219.1
Project("{FAE04EC0-301F-11D3-BF4B-00C04F79EFBC}") = "XD_DBDW_Server", "XD_DBDW_Server_\XD_DBDW_Server.csproj", "{D80FB133-E52B-411D-BB0C-674D895998A3}"
EndProject
Global
	GlobalSection(SolutionConfigurationPlatforms) = preSolution
		Debug|Any CPU = Debug|Any CPU
		Debug|Mixed Platforms = Debug|Mixed Platforms
		Debug|Win32 = Debug|Win32
		Debug|x64 = Debug|x64
		Release|Any CPU = Release|Any CPU
		Release|Mixed Platforms = Release|Mixed Platforms
		Release|Win32 = Release|Win32
		Release|x64 = Release|x64
	EndGlobalSection
	GlobalSection(ProjectConfigurationPlatforms) = postSolution
		{D80FB133-E52B-411D-BB0C-674D895998A3}.Debug|Any CPU.ActiveCfg = Debug|Any CPU
		{D80FB133-E52B-411D-BB0C-674D895998A3}.Debug|Any CPU.Build.0 = Debug|Any CPU
		{D80FB133-E52B-411D-BB0C-674D895998A3}.Debug|Mixed Platforms.ActiveCfg = Debug|Any CPU
		{D80FB133-E52B-411D-BB0C-674D895998A3}.Debug|Mixed Platforms.Build.0 = Debug|Any CPU
		{D80FB133-E52B-411D-BB0C-674D895998A3}.Debug|Win32.ActiveCfg = Debug|Any CPU
		{D80FB133-E52B-411D-BB0C-674D895998A3}.Debug|x64.ActiveCfg = Debug|x64
		{D80FB133-E52B-411D-BB0C-674D895998A3}.Debug|x64.Build.0 = Debug|x64
		{D80FB133-E52B-411D-BB0C-674D895998A3}.Release|Any CPU.ActiveCfg = Release|Any CPU
		{D80FB133-E52B-411D-BB0C-674D895998A3}.Release|Any CPU.Build.0 = Release|Any CPU
		{D80FB133-E52B-411D-BB0C-674D895998A3}.Release|Mixed Platforms.ActiveCfg = Release|Any CPU
		{D80FB133-E52B-411D-BB0C-674D895998A3}.Release|Mixed Platforms.Build.0 = Release|Any CPU
		{D80FB133-E52B-411D-BB0C-674D895998A3}.Release|Win32.ActiveCfg = Release|Any CPU
		{D80FB133-E52B-411D-BB0C-674D895998A3}.Release|x64.ActiveCfg = Release|x64
		{D80FB133-E52B-411D-BB0C-674D895998A3}.Release|x64.Build.0 = Release|x64
	EndGlobalSection
	GlobalSection(SolutionProperties) = preSolution
		HideSolutionNode = FALSE
	EndGlobalSection
	GlobalSection(ExtensibilityGlobals) = postSolution
		SolutionGuid = {93C950DB-A8B4-479D-8BAD-4CBF64759894}
	EndGlobalSection
EndGlobal
